
Microsoft Visual Studio Solution File, Format Version 12.00
# Visual Studio Version 16
VisualStudioVersion = 16.0.30907.101
MinimumVisualStudioVersion = 10.0.40219.1
Project("{FAE04EC0-301F-11D3-BF4B-00C04F79EFBC}") = "WindowsFormsApp1", "WindowsFormsApp1\WindowsFormsApp1.csproj", "{A780027A-6F2C-4F4E-A630-C20B8B24CD2C}"
EndProject
Global
	GlobalSection(SolutionConfigurationPlatforms) = preSolution
		Debug|Any CPU = Debug|Any CPU
		Release|Any CPU = Release|Any CPU
	EndGlobalSection
	GlobalSection(ProjectConfigurationPlatforms) = postSolution
		{A780027A-6F2C-4F4E-A630-C20B8B24CD2C}.Debug|Any CPU.ActiveCfg = Debug|Any CPU
		{A780027A-6F2C-4F4E-A630-C20B8B24CD2C}.Debug|Any CPU.Build.0 = Debug|Any CPU
		{A780027A-6F2C-4F4E-A630-C20B8B24CD2C}.Release|Any CPU.ActiveCfg = Release|Any CPU
		{A780027A-6F2C-4F4E-A630-C20B8B24CD2C}.Release|Any CPU.Build.0 = Release|Any CPU
	EndGlobalSection
	GlobalSection(SolutionProperties) = preSolution
		HideSolutionNode = FALSE
	EndGlobalSection
	GlobalSection(ExtensibilityGlobals) = postSolution
		SolutionGuid = {EB98D188-2357-42B0-8114-8ED58079D934}
	EndGlobalSection
EndGlobal
